# Code generated by scarb DO NOT EDIT.
version = 1

[[package]]
name = "cairo1_example"
version = "0.1.0"
dependencies = [
 "hdp_cairo",
 "snforge_std",
]

[[package]]
name = "hdp_cairo"
version = "0.1.0"
source = "git+https://github.com/HerodotusDev/hdp-cairo?branch=more_syscalls#337b90478160b2b19e62cbd6bcebad161555a055"

[[package]]
name = "snforge_std"
version = "0.25.0"
source = "git+https://github.com/foundry-rs/starknet-foundry?tag=v0.25.0#5b366e24821e530fea97f11b211d220e8493fbea"
